// !$*UTF8*$!
{
	archiveVersion = 1;
	classes = {
	};
	objectVersion = 52;
	objects = {

/* Begin PBXBuildFile section */
		C1809EFB248BF0F8009DAB3F /* PlanetList.swift in Sources */ = {isa = PBXBuildFile; fileRef = C1809EFA248BF0F8009DAB3F /* PlanetList.swift */; };
		C1809EFF248BFB5D009DAB3F /* PlanetService.swift in Sources */ = {isa = PBXBuildFile; fileRef = C1809EFE248BFB5D009DAB3F /* PlanetService.swift */; };
		C1809F02248BFDC8009DAB3F /* Alamofire in Frameworks */ = {isa = PBXBuildFile; productRef = C1809F01248BFDC8009DAB3F /* Alamofire */; };
		C1809F04248C161D009DAB3F /* PlanetServiceStub.swift in Sources */ = {isa = PBXBuildFile; fileRef = C1809F03248C161D009DAB3F /* PlanetServiceStub.swift */; };
		C184F520248A820F00D32F6B /* AppDelegate.swift in Sources */ = {isa = PBXBuildFile; fileRef = C184F51F248A820F00D32F6B /* AppDelegate.swift */; };
		C184F522248A820F00D32F6B /* SceneDelegate.swift in Sources */ = {isa = PBXBuildFile; fileRef = C184F521248A820F00D32F6B /* SceneDelegate.swift */; };
		C184F524248A820F00D32F6B /* PlanetListRow.swift in Sources */ = {isa = PBXBuildFile; fileRef = C184F523248A820F00D32F6B /* PlanetListRow.swift */; };
		C184F526248A821000D32F6B /* Assets.xcassets in Resources */ = {isa = PBXBuildFile; fileRef = C184F525248A821000D32F6B /* Assets.xcassets */; };
		C184F529248A821000D32F6B /* Preview Assets.xcassets in Resources */ = {isa = PBXBuildFile; fileRef = C184F528248A821000D32F6B /* Preview Assets.xcassets */; };
		C184F52C248A821000D32F6B /* LaunchScreen.storyboard in Resources */ = {isa = PBXBuildFile; fileRef = C184F52A248A821000D32F6B /* LaunchScreen.storyboard */; };
		C19E3950248BBD01003F0D55 /* Planet.swift in Sources */ = {isa = PBXBuildFile; fileRef = C19E394F248BBD01003F0D55 /* Planet.swift */; };
		C19E3956248BC0DA003F0D55 /* EntityLoader.swift in Sources */ = {isa = PBXBuildFile; fileRef = C19E3955248BC0DA003F0D55 /* EntityLoader.swift */; };
		C19E3958248BC10F003F0D55 /* planets.json in Resources */ = {isa = PBXBuildFile; fileRef = C19E3957248BC10F003F0D55 /* planets.json */; };
		C19E395A248BC15F003F0D55 /* PlanetMockData.swift in Sources */ = {isa = PBXBuildFile; fileRef = C19E3959248BC15F003F0D55 /* PlanetMockData.swift */; };
		C19E395E248BED36003F0D55 /* SDWebImageSwiftUI in Frameworks */ = {isa = PBXBuildFile; productRef = C19E395D248BED36003F0D55 /* SDWebImageSwiftUI */; };
/* End PBXBuildFile section */

/* Begin PBXFileReference section */
		C1809EFA248BF0F8009DAB3F /* PlanetList.swift */ = {isa = PBXFileReference; lastKnownFileType = sourcecode.swift; path = PlanetList.swift; sourceTree = "<group>"; };
		C1809EFE248BFB5D009DAB3F /* PlanetService.swift */ = {isa = PBXFileReference; lastKnownFileType = sourcecode.swift; path = PlanetService.swift; sourceTree = "<group>"; };
		C1809F03248C161D009DAB3F /* PlanetServiceStub.swift */ = {isa = PBXFileReference; lastKnownFileType = sourcecode.swift; path = PlanetServiceStub.swift; sourceTree = "<group>"; };
		C184F51C248A820F00D32F6B /* SwiftUITraining.app */ = {isa = PBXFileReference; explicitFileType = wrapper.application; includeInIndex = 0; path = SwiftUITraining.app; sourceTree = BUILT_PRODUCTS_DIR; };
		C184F51F248A820F00D32F6B /* AppDelegate.swift */ = {isa = PBXFileReference; lastKnownFileType = sourcecode.swift; path = AppDelegate.swift; sourceTree = "<group>"; };
		C184F521248A820F00D32F6B /* SceneDelegate.swift */ = {isa = PBXFileReference; lastKnownFileType = sourcecode.swift; path = SceneDelegate.swift; sourceTree = "<group>"; };
		C184F523248A820F00D32F6B /* PlanetListRow.swift */ = {isa = PBXFileReference; lastKnownFileType = sourcecode.swift; path = PlanetListRow.swift; sourceTree = "<group>"; };
		C184F525248A821000D32F6B /* Assets.xcassets */ = {isa = PBXFileReference; lastKnownFileType = folder.assetcatalog; path = Assets.xcassets; sourceTree = "<group>"; };
		C184F528248A821000D32F6B /* Preview Assets.xcassets */ = {isa = PBXFileReference; lastKnownFileType = folder.assetcatalog; path = "Preview Assets.xcassets"; sourceTree = "<group>"; };
		C184F52B248A821000D32F6B /* Base */ = {isa = PBXFileReference; lastKnownFileType = file.storyboard; name = Base; path = Base.lproj/LaunchScreen.storyboard; sourceTree = "<group>"; };
		C184F52D248A821000D32F6B /* Info.plist */ = {isa = PBXFileReference; lastKnownFileType = text.plist.xml; path = Info.plist; sourceTree = "<group>"; };
		C19E394F248BBD01003F0D55 /* Planet.swift */ = {isa = PBXFileReference; lastKnownFileType = sourcecode.swift; path = Planet.swift; sourceTree = "<group>"; };
		C19E3955248BC0DA003F0D55 /* EntityLoader.swift */ = {isa = PBXFileReference; fileEncoding = 4; lastKnownFileType = sourcecode.swift; path = EntityLoader.swift; sourceTree = "<group>"; };
		C19E3957248BC10F003F0D55 /* planets.json */ = {isa = PBXFileReference; fileEncoding = 4; lastKnownFileType = text.json; path = planets.json; sourceTree = "<group>"; };
		C19E3959248BC15F003F0D55 /* PlanetMockData.swift */ = {isa = PBXFileReference; lastKnownFileType = sourcecode.swift; path = PlanetMockData.swift; sourceTree = "<group>"; };
/* End PBXFileReference section */

/* Begin PBXFrameworksBuildPhase section */
		C184F519248A820F00D32F6B /* Frameworks */ = {
			isa = PBXFrameworksBuildPhase;
			buildActionMask = 2147483647;
			files = (
				C19E395E248BED36003F0D55 /* SDWebImageSwiftUI in Frameworks */,
				C1809F02248BFDC8009DAB3F /* Alamofire in Frameworks */,
			);
			runOnlyForDeploymentPostprocessing = 0;
		};
/* End PBXFrameworksBuildPhase section */

/* Begin PBXGroup section */
		C184F513248A820F00D32F6B = {
			isa = PBXGroup;
			children = (
				C184F51E248A820F00D32F6B /* SwiftUITraining */,
				C184F51D248A820F00D32F6B /* Products */,
			);
			sourceTree = "<group>";
		};
		C184F51D248A820F00D32F6B /* Products */ = {
			isa = PBXGroup;
			children = (
				C184F51C248A820F00D32F6B /* SwiftUITraining.app */,
			);
			name = Products;
			sourceTree = "<group>";
		};
		C184F51E248A820F00D32F6B /* SwiftUITraining */ = {
			isa = PBXGroup;
			children = (
				C19E395B248BE76E003F0D55 /* Data */,
				C19E3954248BC0CA003F0D55 /* Helpers */,
				C19E3951248BBFD1003F0D55 /* Models */,
				C19E394B248BB5BE003F0D55 /* Planet */,
				C184F51F248A820F00D32F6B /* AppDelegate.swift */,
				C184F521248A820F00D32F6B /* SceneDelegate.swift */,
				C184F525248A821000D32F6B /* Assets.xcassets */,
				C184F52A248A821000D32F6B /* LaunchScreen.storyboard */,
				C184F52D248A821000D32F6B /* Info.plist */,
				C184F527248A821000D32F6B /* Preview Content */,
			);
			path = SwiftUITraining;
			sourceTree = "<group>";
		};
		C184F527248A821000D32F6B /* Preview Content */ = {
			isa = PBXGroup;
			children = (
				C184F528248A821000D32F6B /* Preview Assets.xcassets */,
			);
			path = "Preview Content";
			sourceTree = "<group>";
		};
		C19E394B248BB5BE003F0D55 /* Planet */ = {
			isa = PBXGroup;
			children = (
				C184F523248A820F00D32F6B /* PlanetListRow.swift */,
				C1809EFA248BF0F8009DAB3F /* PlanetList.swift */,
			);
			path = Planet;
			sourceTree = "<group>";
		};
		C19E3951248BBFD1003F0D55 /* Models */ = {
			isa = PBXGroup;
			children = (
				C19E394F248BBD01003F0D55 /* Planet.swift */,
			);
			path = Models;
			sourceTree = "<group>";
		};
		C19E3954248BC0CA003F0D55 /* Helpers */ = {
			isa = PBXGroup;
			children = (
				C19E3955248BC0DA003F0D55 /* EntityLoader.swift */,
			);
			path = Helpers;
			sourceTree = "<group>";
		};
		C19E395B248BE76E003F0D55 /* Data */ = {
			isa = PBXGroup;
			children = (
				C19E3957248BC10F003F0D55 /* planets.json */,
				C19E3959248BC15F003F0D55 /* PlanetMockData.swift */,
				C1809EFE248BFB5D009DAB3F /* PlanetService.swift */,
				C1809F03248C161D009DAB3F /* PlanetServiceStub.swift */,
			);
			path = Data;
			sourceTree = "<group>";
		};
/* End PBXGroup section */

/* Begin PBXNativeTarget section */
		C184F51B248A820F00D32F6B /* SwiftUITraining */ = {
			isa = PBXNativeTarget;
			buildConfigurationList = C184F530248A821000D32F6B /* Build configuration list for PBXNativeTarget "SwiftUITraining" */;
			buildPhases = (
				C184F518248A820F00D32F6B /* Sources */,
				C184F519248A820F00D32F6B /* Frameworks */,
				C184F51A248A820F00D32F6B /* Resources */,
			);
			buildRules = (
			);
			dependencies = (
			);
			name = SwiftUITraining;
			packageProductDependencies = (
				C19E395D248BED36003F0D55 /* SDWebImageSwiftUI */,
				C1809F01248BFDC8009DAB3F /* Alamofire */,
			);
			productName = SwiftUITraining;
			productReference = C184F51C248A820F00D32F6B /* SwiftUITraining.app */;
			productType = "com.apple.product-type.application";
		};
/* End PBXNativeTarget section */

/* Begin PBXProject section */
		C184F514248A820F00D32F6B /* Project object */ = {
			isa = PBXProject;
			attributes = {
				LastSwiftUpdateCheck = 1140;
				LastUpgradeCheck = 1140;
				ORGANIZATIONNAME = Coolblue;
				TargetAttributes = {
					C184F51B248A820F00D32F6B = {
						CreatedOnToolsVersion = 11.4.1;
					};
				};
			};
			buildConfigurationList = C184F517248A820F00D32F6B /* Build configuration list for PBXProject "SwiftUITraining" */;
			compatibilityVersion = "Xcode 9.3";
			developmentRegion = en;
			hasScannedForEncodings = 0;
			knownRegions = (
				en,
				Base,
			);
			mainGroup = C184F513248A820F00D32F6B;
			packageReferences = (
				C19E395C248BED36003F0D55 /* XCRemoteSwiftPackageReference "SDWebImageSwiftUI" */,
				C1809F00248BFDC8009DAB3F /* XCRemoteSwiftPackageReference "Alamofire" */,
			);
			productRefGroup = C184F51D248A820F00D32F6B /* Products */;
			projectDirPath = "";
			projectRoot = "";
			targets = (
				C184F51B248A820F00D32F6B /* SwiftUITraining */,
			);
		};
/* End PBXProject section */

/* Begin PBXResourcesBuildPhase section */
		C184F51A248A820F00D32F6B /* Resources */ = {
			isa = PBXResourcesBuildPhase;
			buildActionMask = 2147483647;
			files = (
				C184F52C248A821000D32F6B /* LaunchScreen.storyboard in Resources */,
				C184F529248A821000D32F6B /* Preview Assets.xcassets in Resources */,
				C184F526248A821000D32F6B /* Assets.xcassets in Resources */,
				C19E3958248BC10F003F0D55 /* planets.json in Resources */,
			);
			runOnlyForDeploymentPostprocessing = 0;
		};
/* End PBXResourcesBuildPhase section */

/* Begin PBXSourcesBuildPhase section */
		C184F518248A820F00D32F6B /* Sources */ = {
			isa = PBXSourcesBuildPhase;
			buildActionMask = 2147483647;
			files = (
				C1809F04248C161D009DAB3F /* PlanetServiceStub.swift in Sources */,
				C184F520248A820F00D32F6B /* AppDelegate.swift in Sources */,
				C184F522248A820F00D32F6B /* SceneDelegate.swift in Sources */,
				C1809EFB248BF0F8009DAB3F /* PlanetList.swift in Sources */,
				C1809EFF248BFB5D009DAB3F /* PlanetService.swift in Sources */,
				C19E3956248BC0DA003F0D55 /* EntityLoader.swift in Sources */,
				C184F524248A820F00D32F6B /* PlanetListRow.swift in Sources */,
				C19E3950248BBD01003F0D55 /* Planet.swift in Sources */,
				C19E395A248BC15F003F0D55 /* PlanetMockData.swift in Sources */,
			);
			runOnlyForDeploymentPostprocessing = 0;
		};
/* End PBXSourcesBuildPhase section */

/* Begin PBXVariantGroup section */
		C184F52A248A821000D32F6B /* LaunchScreen.storyboard */ = {
			isa = PBXVariantGroup;
			children = (
				C184F52B248A821000D32F6B /* Base */,
			);
			name = LaunchScreen.storyboard;
			sourceTree = "<group>";
		};
/* End PBXVariantGroup section */

/* Begin XCBuildConfiguration section */
		C184F52E248A821000D32F6B /* Debug */ = {
			isa = XCBuildConfiguration;
			buildSettings = {
				ALWAYS_SEARCH_USER_PATHS = NO;
				CLANG_ANALYZER_NONNULL = YES;
				CLANG_ANALYZER_NUMBER_OBJECT_CONVERSION = YES_AGGRESSIVE;
				CLANG_CXX_LANGUAGE_STANDARD = "gnu++14";
				CLANG_CXX_LIBRARY = "libc++";
				CLANG_ENABLE_MODULES = YES;
				CLANG_ENABLE_OBJC_ARC = YES;
				CLANG_ENABLE_OBJC_WEAK = YES;
				CLANG_WARN_BLOCK_CAPTURE_AUTORELEASING = YES;
				CLANG_WARN_BOOL_CONVERSION = YES;
				CLANG_WARN_COMMA = YES;
				CLANG_WARN_CONSTANT_CONVERSION = YES;
				CLANG_WARN_DEPRECATED_OBJC_IMPLEMENTATIONS = YES;
				CLANG_WARN_DIRECT_OBJC_ISA_USAGE = YES_ERROR;
				CLANG_WARN_DOCUMENTATION_COMMENTS = YES;
				CLANG_WARN_EMPTY_BODY = YES;
				CLANG_WARN_ENUM_CONVERSION = YES;
				CLANG_WARN_INFINITE_RECURSION = YES;
				CLANG_WARN_INT_CONVERSION = YES;
				CLANG_WARN_NON_LITERAL_NULL_CONVERSION = YES;
				CLANG_WARN_OBJC_IMPLICIT_RETAIN_SELF = YES;
				CLANG_WARN_OBJC_LITERAL_CONVERSION = YES;
				CLANG_WARN_OBJC_ROOT_CLASS = YES_ERROR;
				CLANG_WARN_RANGE_LOOP_ANALYSIS = YES;
				CLANG_WARN_STRICT_PROTOTYPES = YES;
				CLANG_WARN_SUSPICIOUS_MOVE = YES;
				CLANG_WARN_UNGUARDED_AVAILABILITY = YES_AGGRESSIVE;
				CLANG_WARN_UNREACHABLE_CODE = YES;
				CLANG_WARN__DUPLICATE_METHOD_MATCH = YES;
				COPY_PHASE_STRIP = NO;
				DEBUG_INFORMATION_FORMAT = dwarf;
				ENABLE_STRICT_OBJC_MSGSEND = YES;
				ENABLE_TESTABILITY = YES;
				GCC_C_LANGUAGE_STANDARD = gnu11;
				GCC_DYNAMIC_NO_PIC = NO;
				GCC_NO_COMMON_BLOCKS = YES;
				GCC_OPTIMIZATION_LEVEL = 0;
				GCC_PREPROCESSOR_DEFINITIONS = (
					"DEBUG=1",
					"$(inherited)",
				);
				GCC_WARN_64_TO_32_BIT_CONVERSION = YES;
				GCC_WARN_ABOUT_RETURN_TYPE = YES_ERROR;
				GCC_WARN_UNDECLARED_SELECTOR = YES;
				GCC_WARN_UNINITIALIZED_AUTOS = YES_AGGRESSIVE;
				GCC_WARN_UNUSED_FUNCTION = YES;
				GCC_WARN_UNUSED_VARIABLE = YES;
				IPHONEOS_DEPLOYMENT_TARGET = 13.4;
				MTL_ENABLE_DEBUG_INFO = INCLUDE_SOURCE;
				MTL_FAST_MATH = YES;
				ONLY_ACTIVE_ARCH = YES;
				SDKROOT = iphoneos;
				SWIFT_ACTIVE_COMPILATION_CONDITIONS = DEBUG;
				SWIFT_OPTIMIZATION_LEVEL = "-Onone";
			};
			name = Debug;
		};
		C184F52F248A821000D32F6B /* Release */ = {
			isa = XCBuildConfiguration;
			buildSettings = {
				ALWAYS_SEARCH_USER_PATHS = NO;
				CLANG_ANALYZER_NONNULL = YES;
				CLANG_ANALYZER_NUMBER_OBJECT_CONVERSION = YES_AGGRESSIVE;
				CLANG_CXX_LANGUAGE_STANDARD = "gnu++14";
				CLANG_CXX_LIBRARY = "libc++";
				CLANG_ENABLE_MODULES = YES;
				CLANG_ENABLE_OBJC_ARC = YES;
				CLANG_ENABLE_OBJC_WEAK = YES;
				CLANG_WARN_BLOCK_CAPTURE_AUTORELEASING = YES;
				CLANG_WARN_BOOL_CONVERSION = YES;
				CLANG_WARN_COMMA = YES;
				CLANG_WARN_CONSTANT_CONVERSION = YES;
				CLANG_WARN_DEPRECATED_OBJC_IMPLEMENTATIONS = YES;
				CLANG_WARN_DIRECT_OBJC_ISA_USAGE = YES_ERROR;
				CLANG_WARN_DOCUMENTATION_COMMENTS = YES;
				CLANG_WARN_EMPTY_BODY = YES;
				CLANG_WARN_ENUM_CONVERSION = YES;
				CLANG_WARN_INFINITE_RECURSION = YES;
				CLANG_WARN_INT_CONVERSION = YES;
				CLANG_WARN_NON_LITERAL_NULL_CONVERSION = YES;
				CLANG_WARN_OBJC_IMPLICIT_RETAIN_SELF = YES;
				CLANG_WARN_OBJC_LITERAL_CONVERSION = YES;
				CLANG_WARN_OBJC_ROOT_CLASS = YES_ERROR;
				CLANG_WARN_RANGE_LOOP_ANALYSIS = YES;
				CLANG_WARN_STRICT_PROTOTYPES = YES;
				CLANG_WARN_SUSPICIOUS_MOVE = YES;
				CLANG_WARN_UNGUARDED_AVAILABILITY = YES_AGGRESSIVE;
				CLANG_WARN_UNREACHABLE_CODE = YES;
				CLANG_WARN__DUPLICATE_METHOD_MATCH = YES;
				COPY_PHASE_STRIP = NO;
				DEBUG_INFORMATION_FORMAT = "dwarf-with-dsym";
				ENABLE_NS_ASSERTIONS = NO;
				ENABLE_STRICT_OBJC_MSGSEND = YES;
				GCC_C_LANGUAGE_STANDARD = gnu11;
				GCC_NO_COMMON_BLOCKS = YES;
				GCC_WARN_64_TO_32_BIT_CONVERSION = YES;
				GCC_WARN_ABOUT_RETURN_TYPE = YES_ERROR;
				GCC_WARN_UNDECLARED_SELECTOR = YES;
				GCC_WARN_UNINITIALIZED_AUTOS = YES_AGGRESSIVE;
				GCC_WARN_UNUSED_FUNCTION = YES;
				GCC_WARN_UNUSED_VARIABLE = YES;
				IPHONEOS_DEPLOYMENT_TARGET = 13.4;
				MTL_ENABLE_DEBUG_INFO = NO;
				MTL_FAST_MATH = YES;
				SDKROOT = iphoneos;
				SWIFT_COMPILATION_MODE = wholemodule;
				SWIFT_OPTIMIZATION_LEVEL = "-O";
				VALIDATE_PRODUCT = YES;
			};
			name = Release;
		};
		C184F531248A821000D32F6B /* Debug */ = {
			isa = XCBuildConfiguration;
			buildSettings = {
				ASSETCATALOG_COMPILER_APPICON_NAME = AppIcon;
				CODE_SIGN_STYLE = Automatic;
				DEVELOPMENT_ASSET_PATHS = "\"SwiftUITraining/Preview Content\"";
				ENABLE_PREVIEWS = YES;
				INFOPLIST_FILE = SwiftUITraining/Info.plist;
				LD_RUNPATH_SEARCH_PATHS = (
					"$(inherited)",
					"@executable_path/Frameworks",
				);
				PRODUCT_BUNDLE_IDENTIFIER = Coolblue.SwiftUITraining;
				PRODUCT_NAME = "$(TARGET_NAME)";
				SWIFT_VERSION = 5.0;
				TARGETED_DEVICE_FAMILY = "1,2";
			};
			name = Debug;
		};
		C184F532248A821000D32F6B /* Release */ = {
			isa = XCBuildConfiguration;
			buildSettings = {
				ASSETCATALOG_COMPILER_APPICON_NAME = AppIcon;
				CODE_SIGN_STYLE = Automatic;
				DEVELOPMENT_ASSET_PATHS = "\"SwiftUITraining/Preview Content\"";
				ENABLE_PREVIEWS = YES;
				INFOPLIST_FILE = SwiftUITraining/Info.plist;
				LD_RUNPATH_SEARCH_PATHS = (
					"$(inherited)",
					"@executable_path/Frameworks",
				);
				PRODUCT_BUNDLE_IDENTIFIER = Coolblue.SwiftUITraining;
				PRODUCT_NAME = "$(TARGET_NAME)";
				SWIFT_VERSION = 5.0;
				TARGETED_DEVICE_FAMILY = "1,2";
			};
			name = Release;
		};
/* End XCBuildConfiguration section */

/* Begin XCConfigurationList section */
		C184F517248A820F00D32F6B /* Build configuration list for PBXProject "SwiftUITraining" */ = {
			isa = XCConfigurationList;
			buildConfigurations = (
				C184F52E248A821000D32F6B /* Debug */,
				C184F52F248A821000D32F6B /* Release */,
			);
			defaultConfigurationIsVisible = 0;
			defaultConfigurationName = Release;
		};
		C184F530248A821000D32F6B /* Build configuration list for PBXNativeTarget "SwiftUITraining" */ = {
			isa = XCConfigurationList;
			buildConfigurations = (
				C184F531248A821000D32F6B /* Debug */,
				C184F532248A821000D32F6B /* Release */,
			);
			defaultConfigurationIsVisible = 0;
			defaultConfigurationName = Release;
		};
/* End XCConfigurationList section */

/* Begin XCRemoteSwiftPackageReference section */
		C1809F00248BFDC8009DAB3F /* XCRemoteSwiftPackageReference "Alamofire" */ = {
			isa = XCRemoteSwiftPackageReference;
			repositoryURL = "https://github.com/Alamofire/Alamofire";
			requirement = {
				kind = upToNextMajorVersion;
				minimumVersion = 5.2.1;
			};
		};
		C19E395C248BED36003F0D55 /* XCRemoteSwiftPackageReference "SDWebImageSwiftUI" */ = {
			isa = XCRemoteSwiftPackageReference;
			repositoryURL = "https://github.com/SDWebImage/SDWebImageSwiftUI.git";
			requirement = {
				kind = upToNextMajorVersion;
				minimumVersion = 1.5.0;
			};
		};
/* End XCRemoteSwiftPackageReference section */

/* Begin XCSwiftPackageProductDependency section */
		C1809F01248BFDC8009DAB3F /* Alamofire */ = {
			isa = XCSwiftPackageProductDependency;
			package = C1809F00248BFDC8009DAB3F /* XCRemoteSwiftPackageReference "Alamofire" */;
			productName = Alamofire;
		};
		C19E395D248BED36003F0D55 /* SDWebImageSwiftUI */ = {
			isa = XCSwiftPackageProductDependency;
			package = C19E395C248BED36003F0D55 /* XCRemoteSwiftPackageReference "SDWebImageSwiftUI" */;
			productName = SDWebImageSwiftUI;
		};
/* End XCSwiftPackageProductDependency section */
	};
	rootObject = C184F514248A820F00D32F6B /* Project object */;
}
